version = 1
requires-python = ">=3.14"

[[package]]
name = "click"
version = "8.3.2"
source = { registry = "https://pypi.org/simple" }
dependencies = [
    { name = "colorama", marker = "sys_platform == 'win32'" },
]
sdist = { url = "https://files.pythonhosted.org/packages/57/75/31212c6bf2503fdf920d87fee5d7a86a2e3bcf444984126f13d8e4016804/click-8.3.2.tar.gz", hash = "sha256:14162b8b3b3550a7d479eafa77dfd3c38d9dc8951f6f69c78913a8f9a7540fd5", size = 302856 }
wheels = [
    { url = "https://files.pythonhosted.org/packages/e4/20/71885d8b97d4f3dde17b1fdb92dbd4908b00541c5a3379787137285f602e/click-8.3.2-py3-none-any.whl", hash = "sha256:1924d2c27c5653561cd2cae4548d1406039cb79b858b747cfea24924bbc1616d", size = 108379 },
]

[[package]]
name = "colorama"
version = "0.4.6"
source = { registry = "https://pypi.org/simple" }
sdist = { url = "https://files.pythonhosted.org/packages/d8/53/6f443c9a4a8358a93a6792e2acffb9d9d5cb0a5cfd8802644b7b1c9a02e4/colorama-0.4.6.tar.gz", hash = "sha256:08695f5cb7ed6e0531a20572697297273c47b8cae5a63ffc6d6ed5c201be6e44", size = 27697 }
wheels = [
    { url = "https://files.pythonhosted.org/packages/d1/d6/3965ed04c63042e047cb6a3e6ed1a63a35087b6a609aa3a15ed8ac56c221/colorama-0.4.6-py2.py3-none-any.whl", hash = "sha256:4f1d9991f5acc0ca119f9d443620b77f9d6b33703e51011c16baf57afb285fc6", size = 25335 },
]

[[package]]
name = "deepmerge"
version = "2.0"
source = { registry = "https://pypi.org/simple" }
sdist = { url = "https://files.pythonhosted.org/packages/a8/3a/b0ba594708f1ad0bc735884b3ad854d3ca3bdc1d741e56e40bbda6263499/deepmerge-2.0.tar.gz", hash = "sha256:5c3d86081fbebd04dd5de03626a0607b809a98fb6ccba5770b62466fe940ff20", size = 19890 }
wheels = [
    { url = "https://files.pythonhosted.org/packages/2d/82/e5d2c1c67d19841e9edc74954c827444ae826978499bde3dfc1d007c8c11/deepmerge-2.0-py3-none-any.whl", hash = "sha256:6de9ce507115cff0bed95ff0ce9ecc31088ef50cbdf09bc90a09349a318b3d00", size = 13475 },
]

[[package]]
name = "markdown"
version = "3.10.2"
source = { registry = "https://pypi.org/simple" }
sdist = { url = "https://files.pythonhosted.org/packages/2b/f4/69fa6ed85ae003c2378ffa8f6d2e3234662abd02c10d216c0ba96081a238/markdown-3.10.2.tar.gz", hash = "sha256:994d51325d25ad8aa7ce4ebaec003febcce822c3f8c911e3b17c52f7f589f950", size = 368805 }
wheels = [
    { url = "https://files.pythonhosted.org/packages/de/1f/77fa3081e4f66ca3576c896ae5d31c3002ac6607f9747d2e3aa49227e464/markdown-3.10.2-py3-none-any.whl", hash = "sha256:e91464b71ae3ee7afd3017d9f358ef0baf158fd9a298db92f1d4761133824c36", size = 108180 },
]

[[package]]
name = "pygments"
version = "2.20.0"
source = { registry = "https://pypi.org/simple" }
sdist = { url = "https://files.pythonhosted.org/packages/c3/b2/bc9c9196916376152d655522fdcebac55e66de6603a76a02bca1b6414f6c/pygments-2.20.0.tar.gz", hash = "sha256:6757cd03768053ff99f3039c1a36d6c0aa0b263438fcab17520b30a303a82b5f", size = 4955991 }
wheels = [
    { url = "https://files.pythonhosted.org/packages/f4/7e/a72dd26f3b0f4f2bf1dd8923c85f7ceb43172af56d63c7383eb62b332364/pygments-2.20.0-py3-none-any.whl", hash = "sha256:81a9e26dd42fd28a23a2d169d86d7ac03b46e2f8b59ed4698fb4785f946d0176", size = 1231151 },
]

[[package]]
name = "pymdown-extensions"
version = "10.21.2"
source = { registry = "https://pypi.org/simple" }
dependencies = [
    { name = "markdown" },
    { name = "pyyaml" },
]
sdist = { url = "https://files.pythonhosted.org/packages/df/08/f1c908c581fd11913da4711ea7ba32c0eee40b0190000996bb863b0c9349/pymdown_extensions-10.21.2.tar.gz", hash = "sha256:c3f55a5b8a1d0edf6699e35dcbea71d978d34ff3fa79f3d807b8a5b3fa90fbdc", size = 853922 }
wheels = [
    { url = "https://files.pythonhosted.org/packages/f7/27/a2fc51a4a122dfd1015e921ae9d22fee3d20b0b8080d9a704578bf9deece/pymdown_extensions-10.21.2-py3-none-any.whl", hash = "sha256:5c0fd2a2bea14eb39af8ff284f1066d898ab2187d81b889b75d46d4348c01638", size = 268901 },
]

[[package]]
name = "pyyaml"
version = "6.0.3"
source = { registry = "https://pypi.org/simple" }
sdist = { url = "https://files.pythonhosted.org/packages/05/8e/961c0007c59b8dd7729d542c61a4d537767a59645b82a0b521206e1e25c2/pyyaml-6.0.3.tar.gz", hash = "sha256:d76623373421df22fb4cf8817020cbb7ef15c725b9d5e45f17e189bfc384190f", size = 130960 }
wheels = [
    { url = "https://files.pythonhosted.org/packages/9d/8c/f4bd7f6465179953d3ac9bc44ac1a8a3e6122cf8ada906b4f96c60172d43/pyyaml-6.0.3-cp314-cp314-macosx_10_13_x86_64.whl", hash = "sha256:8d1fab6bb153a416f9aeb4b8763bc0f22a5586065f86f7664fc23339fc1c1fac", size = 181814 },
    { url = "https://files.pythonhosted.org/packages/bd/9c/4d95bb87eb2063d20db7b60faa3840c1b18025517ae857371c4dd55a6b3a/pyyaml-6.0.3-cp314-cp314-macosx_11_0_arm64.whl", hash = "sha256:34d5fcd24b8445fadc33f9cf348c1047101756fd760b4dacb5c3e99755703310", size = 173809 },
    { url = "https://files.pythonhosted.org/packages/92/b5/47e807c2623074914e29dabd16cbbdd4bf5e9b2db9f8090fa64411fc5382/pyyaml-6.0.3-cp314-cp314-manylinux2014_aarch64.manylinux_2_17_aarch64.manylinux_2_28_aarch64.whl", hash = "sha256:501a031947e3a9025ed4405a168e6ef5ae3126c59f90ce0cd6f2bfc477be31b7", size = 766454 },
    { url = "https://files.pythonhosted.org/packages/02/9e/e5e9b168be58564121efb3de6859c452fccde0ab093d8438905899a3a483/pyyaml-6.0.3-cp314-cp314-manylinux2014_s390x.manylinux_2_17_s390x.manylinux_2_28_s390x.whl", hash = "sha256:b3bc83488de33889877a0f2543ade9f70c67d66d9ebb4ac959502e12de895788", size = 836355 },
    { url = "https://files.pythonhosted.org/packages/88/f9/16491d7ed2a919954993e48aa941b200f38040928474c9e85ea9e64222c3/pyyaml-6.0.3-cp314-cp314-manylinux2014_x86_64.manylinux_2_17_x86_64.manylinux_2_28_x86_64.whl", hash = "sha256:c458b6d084f9b935061bc36216e8a69a7e293a2f1e68bf956dcd9e6cbcd143f5", size = 794175 },
    { url = "https://files.pythonhosted.org/packages/dd/3f/5989debef34dc6397317802b527dbbafb2b4760878a53d4166579111411e/pyyaml-6.0.3-cp314-cp314-musllinux_1_2_aarch64.whl", hash = "sha256:7c6610def4f163542a622a73fb39f534f8c101d690126992300bf3207eab9764", size = 755228 },
    { url = "https://files.pythonhosted.org/packages/d7/ce/af88a49043cd2e265be63d083fc75b27b6ed062f5f9fd6cdc223ad62f03e/pyyaml-6.0.3-cp314-cp314-musllinux_1_2_x86_64.whl", hash = "sha256:5190d403f121660ce8d1d2c1bb2ef1bd05b5f68533fc5c2ea899bd15f4399b35", size = 789194 },
    { url = "https://files.pythonhosted.org/packages/23/20/bb6982b26a40bb43951265ba29d4c246ef0ff59c9fdcdf0ed04e0687de4d/pyyaml-6.0.3-cp314-cp314-win_amd64.whl", hash = "sha256:4a2e8cebe2ff6ab7d1050ecd59c25d4c8bd7e6f400f5f82b96557ac0abafd0ac", size = 156429 },
    { url = "https://files.pythonhosted.org/packages/f4/f4/a4541072bb9422c8a883ab55255f918fa378ecf083f5b85e87fc2b4eda1b/pyyaml-6.0.3-cp314-cp314-win_arm64.whl", hash = "sha256:93dda82c9c22deb0a405ea4dc5f2d0cda384168e466364dec6255b293923b2f3", size = 143912 },
    { url = "https://files.pythonhosted.org/packages/7c/f9/07dd09ae774e4616edf6cda684ee78f97777bdd15847253637a6f052a62f/pyyaml-6.0.3-cp314-cp314t-macosx_10_13_x86_64.whl", hash = "sha256:02893d100e99e03eda1c8fd5c441d8c60103fd175728e23e431db1b589cf5ab3", size = 189108 },
    { url = "https://files.pythonhosted.org/packages/4e/78/8d08c9fb7ce09ad8c38ad533c1191cf27f7ae1effe5bb9400a46d9437fcf/pyyaml-6.0.3-cp314-cp314t-macosx_11_0_arm64.whl", hash = "sha256:c1ff362665ae507275af2853520967820d9124984e0f7466736aea23d8611fba", size = 183641 },
    { url = "https://files.pythonhosted.org/packages/7b/5b/3babb19104a46945cf816d047db2788bcaf8c94527a805610b0289a01c6b/pyyaml-6.0.3-cp314-cp314t-manylinux2014_aarch64.manylinux_2_17_aarch64.manylinux_2_28_aarch64.whl", hash = "sha256:6adc77889b628398debc7b65c073bcb99c4a0237b248cacaf3fe8a557563ef6c", size = 831901 },
    { url = "https://files.pythonhosted.org/packages/8b/cc/dff0684d8dc44da4d22a13f35f073d558c268780ce3c6ba1b87055bb0b87/pyyaml-6.0.3-cp314-cp314t-manylinux2014_s390x.manylinux_2_17_s390x.manylinux_2_28_s390x.whl", hash = "sha256:a80cb027f6b349846a3bf6d73b5e95e782175e52f22108cfa17876aaeff93702", size = 861132 },
    { url = "https://files.pythonhosted.org/packages/b1/5e/f77dc6b9036943e285ba76b49e118d9ea929885becb0a29ba8a7c75e29fe/pyyaml-6.0.3-cp314-cp314t-manylinux2014_x86_64.manylinux_2_17_x86_64.manylinux_2_28_x86_64.whl", hash = "sha256:00c4bdeba853cc34e7dd471f16b4114f4162dc03e6b7afcc2128711f0eca823c", size = 839261 },
    { url = "https://files.pythonhosted.org/packages/ce/88/a9db1376aa2a228197c58b37302f284b5617f56a5d959fd1763fb1675ce6/pyyaml-6.0.3-cp314-cp314t-musllinux_1_2_aarch64.whl", hash = "sha256:66e1674c3ef6f541c35191caae2d429b967b99e02040f5ba928632d9a7f0f065", size = 805272 },
    { url = "https://files.pythonhosted.org/packages/da/92/1446574745d74df0c92e6aa4a7b0b3130706a4142b2d1a5869f2eaa423c6/pyyaml-6.0.3-cp314-cp314t-musllinux_1_2_x86_64.whl", hash = "sha256:16249ee61e95f858e83976573de0f5b2893b3677ba71c9dd36b9cf8be9ac6d65", size = 829923 },
    { url = "https://files.pythonhosted.org/packages/f0/7a/1c7270340330e575b92f397352af856a8c06f230aa3e76f86b39d01b416a/pyyaml-6.0.3-cp314-cp314t-win_amd64.whl", hash = "sha256:4ad1906908f2f5ae4e5a8ddfce73c320c2a1429ec52eafd27138b7f1cbe341c9", size = 174062 },
    { url = "https://files.pythonhosted.org/packages/f1/12/de94a39c2ef588c7e6455cfbe7343d3b2dc9d6b6b2f40c4c6565744c873d/pyyaml-6.0.3-cp314-cp314t-win_arm64.whl", hash = "sha256:ebc55a14a21cb14062aa4162f906cd962b28e2e9ea38f9b4391244cd8de4ae0b", size = 149341 },
]

[[package]]
name = "website"
version = "0.1.0"
source = { virtual = "." }

[package.dev-dependencies]
dev = [
    { name = "zensical" },
]

[package.metadata]

[package.metadata.requires-dev]
dev = [{ name = "zensical", specifier = ">=0.0.31" }]

[[package]]
name = "zensical"
version = "0.0.31"
source = { registry = "https://pypi.org/simple" }
dependencies = [
    { name = "click" },
    { name = "deepmerge" },
    { name = "markdown" },
    { name = "pygments" },
    { name = "pymdown-extensions" },
    { name = "pyyaml" },
]
sdist = { url = "https://files.pythonhosted.org/packages/d5/1a/9b6f5285c5aef648db38f9132f49a7059bd2c9d748f68ef0c52ed8afcff3/zensical-0.0.31.tar.gz", hash = "sha256:9c12f07bde70c4bfdb13d6cae1bedf8d18064d257a6e81128a152502b28a8fc3", size = 3891758 }
wheels = [
    { url = "https://files.pythonhosted.org/packages/c2/db/cc4e555d2e816f2d91304ff969d62cc3a401ee477dbb7c720b874bec67d6/zensical-0.0.31-cp310-abi3-macosx_10_12_x86_64.whl", hash = "sha256:b489936d670733dd204f16b689a2acc0e45b69e42cc4901f5131ae57658b8fbc", size = 12419980 },
    { url = "https://files.pythonhosted.org/packages/e7/c1/6789f73164c7f5821f5defb8a80b1dba8d5af24bdec7db36876793c5afd9/zensical-0.0.31-cp310-abi3-macosx_11_0_arm64.whl", hash = "sha256:d9f678efc0d9918e45eeb8bc62847b2cce23db7393c8c59c1be6d1c064bbaacd", size = 12292301 },
    { url = "https://files.pythonhosted.org/packages/4f/9a/6a83ad209081a953e0285d5056e5452c4fbcabd2f104f3797d53e4bdd96f/zensical-0.0.31-cp310-abi3-manylinux_2_17_aarch64.manylinux2014_aarch64.whl", hash = "sha256:fb2b50ecf674997f818e53f12f2a67875a21b0c79ed74c151dfaef2f1475e5bf", size = 12661472 },
    { url = "https://files.pythonhosted.org/packages/9c/4a/a82f5c81893b7a607cf9d439b75c3c3894b4ef4d3e92d5d818b4fa5c6f23/zensical-0.0.31-cp310-abi3-manylinux_2_17_armv7l.manylinux2014_armv7l.whl", hash = "sha256:6fb5c634fe88254770a2d4db5c05b06f1c3ee5e29d2ae3e7efdae8905e435b1d", size = 12603784 },
    { url = "https://files.pythonhosted.org/packages/f7/1c/79c198628b8e006be32dfb1c5b73561757a349a6cf3069600a67ffa62495/zensical-0.0.31-cp310-abi3-manylinux_2_17_i686.manylinux2014_i686.whl", hash = "sha256:94e64630552793274db1ec66c971e49a15ad351536d5d12de67ec6da7358ac50", size = 12959832 },
    { url = "https://files.pythonhosted.org/packages/db/9d/45839d9ca0f69622e8a3b944f2d8d7f7d2b7c2da78201079c4feb275feb6/zensical-0.0.31-cp310-abi3-manylinux_2_17_x86_64.manylinux2014_x86_64.whl", hash = "sha256:738a2fd5832e3b3c10ff642eebaf89c89ca1d28e4451dad0f36fdac53c415577", size = 12704024 },
    { url = "https://files.pythonhosted.org/packages/df/5f/451d7f4d94092bc38bd8d514826fb7b0329c188db506795b1d20bd07d517/zensical-0.0.31-cp310-abi3-musllinux_1_2_aarch64.whl", hash = "sha256:bd601f6132e285ef6c3e4c3852be2094fc0473295a8080003db76a79760f84fb", size = 12837788 },
    { url = "https://files.pythonhosted.org/packages/d8/39/390a8fc384fb174ebd4450343a0aa2877b3a31ddcedf5ef0b8d26944e12c/zensical-0.0.31-cp310-abi3-musllinux_1_2_armv7l.whl", hash = "sha256:dc3b6a9dfb5903c0aa779ef65cd6185add2b8aa1db237be840874b8c9db761b8", size = 12876822 },
    { url = "https://files.pythonhosted.org/packages/d5/60/640da2f095782cf38974cd851fb7afa62651d09a36543a1d8942b31aabdc/zensical-0.0.31-cp310-abi3-musllinux_1_2_i686.whl", hash = "sha256:ddd4321b275e82c4897aa45b05038ce204b88fb311ad55f8c2af572173a9b56c", size = 13024036 },
    { url = "https://files.pythonhosted.org/packages/3f/06/0564377cbfccea3653254adfa851c1b20d1696e4b16770c7b2e1dd1ef1d7/zensical-0.0.31-cp310-abi3-musllinux_1_2_x86_64.whl", hash = "sha256:147ab4bc17f3088f703aa6c4b9c416411f4ea8ca64d26f6586beae49d97fd3c7", size = 12975505 },
    { url = "https://files.pythonhosted.org/packages/35/4b/b8a0c4e5937cb05882dcce667798403e00897135080a69f92363e5e3ff9f/zensical-0.0.31-cp310-abi3-win32.whl", hash = "sha256:03fa11e629a308507693489541f43e751697784e94365e7435b02104aefd1c2c", size = 12011233 },
    { url = "https://files.pythonhosted.org/packages/3e/99/0eacdb466d344c0c86596932201268517be42f3e0bb6c78b2b0cd84c55f6/zensical-0.0.31-cp310-abi3-win_amd64.whl", hash = "sha256:d6621d4bb46af4143560045d4a18c8c76302db56bf1dbb6e2ce107d7fb643e09", size = 12207545 },
]
